
Microsoft Visual Studio Solution File, Format Version 12.00
# Visual Studio 15
VisualStudioVersion = 15.0.26228.9
MinimumVisualStudioVersion = 10.0.40219.1
Project("{FAE04EC0-301F-11D3-BF4B-00C04F79EFBC}") = "QuickEtl", "QuickEtl\QuickEtl.csproj", "{13D231E5-0779-474B-8275-CAE6EE4B4D6A}"
EndProject
Project("{FAE04EC0-301F-11D3-BF4B-00C04F79EFBC}") = "QuickEtl.Test.ConsoleApp", "QuickEtl.Test.ConsoleApp\QuickEtl.Test.ConsoleApp.csproj", "{A5B22AF3-768E-43CB-8B9A-2FADD6E08686}"
EndProject
Global
	GlobalSection(SolutionConfigurationPlatforms) = preSolution
		Debug|Any CPU = Debug|Any CPU
		Release|Any CPU = Release|Any CPU
	EndGlobalSection
	GlobalSection(ProjectConfigurationPlatforms) = postSolution
		{13D231E5-0779-474B-8275-CAE6EE4B4D6A}.Debug|Any CPU.ActiveCfg = Debug|Any CPU
		{13D231E5-0779-474B-8275-CAE6EE4B4D6A}.Debug|Any CPU.Build.0 = Debug|Any CPU
		{13D231E5-0779-474B-8275-CAE6EE4B4D6A}.Release|Any CPU.ActiveCfg = Release|Any CPU
		{13D231E5-0779-474B-8275-CAE6EE4B4D6A}.Release|Any CPU.Build.0 = Release|Any CPU
		{A5B22AF3-768E-43CB-8B9A-2FADD6E08686}.Debug|Any CPU.ActiveCfg = Debug|Any CPU
		{A5B22AF3-768E-43CB-8B9A-2FADD6E08686}.Debug|Any CPU.Build.0 = Debug|Any CPU
		{A5B22AF3-768E-43CB-8B9A-2FADD6E08686}.Release|Any CPU.ActiveCfg = Release|Any CPU
		{A5B22AF3-768E-43CB-8B9A-2FADD6E08686}.Release|Any CPU.Build.0 = Release|Any CPU
	EndGlobalSection
	GlobalSection(SolutionProperties) = preSolution
		HideSolutionNode = FALSE
	EndGlobalSection
EndGlobal
